
Microsoft Visual Studio Solution File, Format Version 12.00
# Visual Studio Version 18
VisualStudioVersion = 18.2.11415.280
MinimumVisualStudioVersion = 10.0.40219.1
Project("{FAE04EC0-301F-11D3-BF4B-00C04F79EFBC}") = "Core", "Core\Core.csproj", "{6EC456A8-9B61-4F88-992B-272BE6E66C96}"
EndProject
Project("{9A19103F-16F7-4668-BE54-9A1E7A4F7556}") = "Shared", "Shared\Shared.csproj", "{7A19617E-61AF-4741-B901-CB24D1565CA4}"
EndProject
Project("{9A19103F-16F7-4668-BE54-9A1E7A4F7556}") = "Online", "Online\Online.csproj", "{DD693EB2-48C4-49D0-BFEE-B25B534CE6B4}"
EndProject
Project("{9A19103F-16F7-4668-BE54-9A1E7A4F7556}") = "SISI", "SISI\SISI.csproj", "{DF3D53D6-647F-42A3-9764-BE9B4ACA3235}"
EndProject
Project("{FAE04EC0-301F-11D3-BF4B-00C04F79EFBC}") = "TmdbProxy", "Modules\Proxy\TmdbProxy\TmdbProxy.csproj", "{A2BAD9CA-2E04-48F4-B5BF-C603273B45FB}"
EndProject
Project("{FAE04EC0-301F-11D3-BF4B-00C04F79EFBC}") = "Sync", "Modules\Sync\Sync\Sync.csproj", "{D4B3B6F2-3E5D-4ED6-8F2B-53BF33416AF1}"
EndProject
Project("{FAE04EC0-301F-11D3-BF4B-00C04F79EFBC}") = "CubProxy", "Modules\Proxy\CubProxy\CubProxy.csproj", "{B1D0F7A5-7AB2-4DBA-9F0C-2140F13C8F67}"
EndProject
Project("{FAE04EC0-301F-11D3-BF4B-00C04F79EFBC}") = "TimeCode", "Modules\Sync\TimeCode\TimeCode.csproj", "{03CAAA13-B41F-4F89-BDB8-E10C5DD9E281}"
EndProject
Project("{FAE04EC0-301F-11D3-BF4B-00C04F79EFBC}") = "Catalog", "Modules\Catalog\Catalog.csproj", "{3018EAEA-8B57-4115-899F-884E48715D53}"
EndProject
Project("{FAE04EC0-301F-11D3-BF4B-00C04F79EFBC}") = "DLNA", "Modules\DLNA\DLNA.csproj", "{F20EC197-DF54-4D50-A089-727E3E1E502A}"
EndProject
Project("{FAE04EC0-301F-11D3-BF4B-00C04F79EFBC}") = "JacRed", "Modules\JacRed\JacRed.csproj", "{265B957D-0D27-4EB5-8DD3-2F5FEE0FDCB7}"
EndProject
Project("{FAE04EC0-301F-11D3-BF4B-00C04F79EFBC}") = "TorrServer", "Modules\TorrServer\TorrServer.csproj", "{C838D1B4-21E1-4A36-AF0F-A56C8BD9AB28}"
EndProject
Project("{FAE04EC0-301F-11D3-BF4B-00C04F79EFBC}") = "Tracks", "Modules\Tracks\Tracks.csproj", "{CAB72996-1D5C-4F22-A5A6-F70D734E73AC}"
EndProject
Project("{FAE04EC0-301F-11D3-BF4B-00C04F79EFBC}") = "Transcoding", "Modules\Transcoding\Transcoding.csproj", "{F4A15B00-BC8E-4176-85E0-05DA4D8DE2E1}"
EndProject
Project("{FAE04EC0-301F-11D3-BF4B-00C04F79EFBC}") = "LampaWeb", "Modules\LampaWeb\LampaWeb.csproj", "{6E9B3720-8BE3-41E5-BA38-93C66834AE4A}"
EndProject
Project("{FAE04EC0-301F-11D3-BF4B-00C04F79EFBC}") = "Lamson", "TestModules\Lamson\Lamson.csproj", "{9D98DEA2-9980-4556-9B68-3DA888375DB7}"
EndProject
Project("{2150E333-8FDC-42A3-9474-1A3956D46DE8}") = "Modules", "Modules", "{CB84BB83-E386-4A7E-AC12-F812A83F236F}"
EndProject
Project("{2150E333-8FDC-42A3-9474-1A3956D46DE8}") = "Proxy", "Proxy", "{7F5AB8A4-3D50-4FD2-A0A8-51D3A8F3A0D2}"
EndProject
Project("{2150E333-8FDC-42A3-9474-1A3956D46DE8}") = "TestModules", "TestModules", "{C594652A-1000-41CD-8D4E-C210EC0A2142}"
EndProject
Project("{FAE04EC0-301F-11D3-BF4B-00C04F79EFBC}") = "WebLog", "Modules\WebLog\WebLog.csproj", "{7EAB0358-70DE-4326-AE2A-D598302D1B99}"
EndProject
Project("{FAE04EC0-301F-11D3-BF4B-00C04F79EFBC}") = "OnlineENG", "Modules\OnlinePacks\OnlineENG\OnlineENG.csproj", "{09656FE5-68F6-4513-BC29-96B4EAFFA6CA}"
EndProject
Project("{FAE04EC0-301F-11D3-BF4B-00C04F79EFBC}") = "OnlineUKR", "Modules\OnlinePacks\OnlineUKR\OnlineUKR.csproj", "{A663A3F8-5F1E-9028-13E7-6815522B1D94}"
EndProject
Project("{FAE04EC0-301F-11D3-BF4B-00C04F79EFBC}") = "OnlineAnime", "Modules\OnlinePacks\OnlineAnime\OnlineAnime.csproj", "{3252EF60-8FAB-4CDE-A21D-F2644200940C}"
EndProject
Project("{FAE04EC0-301F-11D3-BF4B-00C04F79EFBC}") = "OnlineGEO", "Modules\OnlinePacks\OnlineGEO\OnlineGEO.csproj", "{84281EE5-B745-4981-A4EE-DBD0CC4E1357}"
EndProject
Project("{FAE04EC0-301F-11D3-BF4B-00C04F79EFBC}") = "OnlineRUS", "Modules\OnlinePacks\OnlineRUS\OnlineRUS.csproj", "{E7B2A4D1-6F90-4C3A-B8E5-1D2F3A4B5C6D}"
EndProject
Project("{FAE04EC0-301F-11D3-BF4B-00C04F79EFBC}") = "NextHUB", "Modules\NextHUB\NextHUB.csproj", "{CE38A1AC-A66E-5CAD-E423-053D622ED1C1}"
EndProject
Project("{2150E333-8FDC-42A3-9474-1A3956D46DE8}") = "OnlinePacks", "OnlinePacks", "{92E96D64-77EA-4EB0-A528-E567987F2ABD}"
EndProject
Project("{2150E333-8FDC-42A3-9474-1A3956D46DE8}") = "Sync", "Sync", "{327C209F-87E2-47DF-960A-517974785244}"
EndProject
Project("{FAE04EC0-301F-11D3-BF4B-00C04F79EFBC}") = "SyncEvents", "Modules\Sync\SyncEvents\SyncEvents.csproj", "{FC9F6ABA-DF20-F737-F0BE-270D31F09CB0}"
EndProject
Project("{FAE04EC0-301F-11D3-BF4B-00C04F79EFBC}") = "Storage", "Modules\Sync\Storage\Storage.csproj", "{D84996BD-6457-637C-3F8B-6CE612E7889B}"
EndProject
Project("{2150E333-8FDC-42A3-9474-1A3956D46DE8}") = "Community", "Community", "{9CD612A5-CE01-E009-D3EA-03AA2C9E3C9D}"
EndProject
Project("{FAE04EC0-301F-11D3-BF4B-00C04F79EFBC}") = "TelegramAuth", "Modules\Community\TelegramAuth\TelegramAuth.csproj", "{25436E0C-2B26-4B24-861B-1431F8A49BCD}"
EndProject
Project("{FAE04EC0-301F-11D3-BF4B-00C04F79EFBC}") = "TelegramAuthBot", "Modules\Community\TelegramAuthBot\TelegramAuthBot.csproj", "{3EC78B7B-3960-4209-9BF1-3AB98DFD1B7F}"
EndProject
Global
	GlobalSection(SolutionConfigurationPlatforms) = preSolution
		Debug|Any CPU = Debug|Any CPU
		Debug|x64 = Debug|x64
		Debug|x86 = Debug|x86
		Release|Any CPU = Release|Any CPU
		Release|x64 = Release|x64
		Release|x86 = Release|x86
	EndGlobalSection
	GlobalSection(ProjectConfigurationPlatforms) = postSolution
		{6EC456A8-9B61-4F88-992B-272BE6E66C96}.Debug|Any CPU.ActiveCfg = Debug|Any CPU
		{6EC456A8-9B61-4F88-992B-272BE6E66C96}.Debug|Any CPU.Build.0 = Debug|Any CPU
		{6EC456A8-9B61-4F88-992B-272BE6E66C96}.Debug|x64.ActiveCfg = Debug|Any CPU
		{6EC456A8-9B61-4F88-992B-272BE6E66C96}.Debug|x64.Build.0 = Debug|Any CPU
		{6EC456A8-9B61-4F88-992B-272BE6E66C96}.Debug|x86.ActiveCfg = Debug|Any CPU
		{6EC456A8-9B61-4F88-992B-272BE6E66C96}.Debug|x86.Build.0 = Debug|Any CPU
		{6EC456A8-9B61-4F88-992B-272BE6E66C96}.Release|Any CPU.ActiveCfg = Release|Any CPU
		{6EC456A8-9B61-4F88-992B-272BE6E66C96}.Release|Any CPU.Build.0 = Release|Any CPU
		{6EC456A8-9B61-4F88-992B-272BE6E66C96}.Release|x64.ActiveCfg = Release|Any CPU
		{6EC456A8-9B61-4F88-992B-272BE6E66C96}.Release|x64.Build.0 = Release|Any CPU
		{6EC456A8-9B61-4F88-992B-272BE6E66C96}.Release|x86.ActiveCfg = Release|Any CPU
		{6EC456A8-9B61-4F88-992B-272BE6E66C96}.Release|x86.Build.0 = Release|Any CPU
		{7A19617E-61AF-4741-B901-CB24D1565CA4}.Debug|Any CPU.ActiveCfg = Debug|Any CPU
		{7A19617E-61AF-4741-B901-CB24D1565CA4}.Debug|Any CPU.Build.0 = Debug|Any CPU
		{7A19617E-61AF-4741-B901-CB24D1565CA4}.Debug|x64.ActiveCfg = Debug|Any CPU
		{7A19617E-61AF-4741-B901-CB24D1565CA4}.Debug|x64.Build.0 = Debug|Any CPU
		{7A19617E-61AF-4741-B901-CB24D1565CA4}.Debug|x86.ActiveCfg = Debug|Any CPU
		{7A19617E-61AF-4741-B901-CB24D1565CA4}.Debug|x86.Build.0 = Debug|Any CPU
		{7A19617E-61AF-4741-B901-CB24D1565CA4}.Release|Any CPU.ActiveCfg = Release|Any CPU
		{7A19617E-61AF-4741-B901-CB24D1565CA4}.Release|Any CPU.Build.0 = Release|Any CPU
		{7A19617E-61AF-4741-B901-CB24D1565CA4}.Release|x64.ActiveCfg = Release|Any CPU
		{7A19617E-61AF-4741-B901-CB24D1565CA4}.Release|x64.Build.0 = Release|Any CPU
		{7A19617E-61AF-4741-B901-CB24D1565CA4}.Release|x86.ActiveCfg = Release|Any CPU
		{7A19617E-61AF-4741-B901-CB24D1565CA4}.Release|x86.Build.0 = Release|Any CPU
		{DD693EB2-48C4-49D0-BFEE-B25B534CE6B4}.Debug|Any CPU.ActiveCfg = Debug|Any CPU
		{DD693EB2-48C4-49D0-BFEE-B25B534CE6B4}.Debug|Any CPU.Build.0 = Debug|Any CPU
		{DD693EB2-48C4-49D0-BFEE-B25B534CE6B4}.Debug|x64.ActiveCfg = Debug|Any CPU
		{DD693EB2-48C4-49D0-BFEE-B25B534CE6B4}.Debug|x64.Build.0 = Debug|Any CPU
		{DD693EB2-48C4-49D0-BFEE-B25B534CE6B4}.Debug|x86.ActiveCfg = Debug|Any CPU
		{DD693EB2-48C4-49D0-BFEE-B25B534CE6B4}.Debug|x86.Build.0 = Debug|Any CPU
		{DD693EB2-48C4-49D0-BFEE-B25B534CE6B4}.Release|Any CPU.ActiveCfg = Release|Any CPU
		{DD693EB2-48C4-49D0-BFEE-B25B534CE6B4}.Release|Any CPU.Build.0 = Release|Any CPU
		{DD693EB2-48C4-49D0-BFEE-B25B534CE6B4}.Release|x64.ActiveCfg = Release|Any CPU
		{DD693EB2-48C4-49D0-BFEE-B25B534CE6B4}.Release|x64.Build.0 = Release|Any CPU
		{DD693EB2-48C4-49D0-BFEE-B25B534CE6B4}.Release|x86.ActiveCfg = Release|Any CPU
		{DD693EB2-48C4-49D0-BFEE-B25B534CE6B4}.Release|x86.Build.0 = Release|Any CPU
		{DF3D53D6-647F-42A3-9764-BE9B4ACA3235}.Debug|Any CPU.ActiveCfg = Debug|Any CPU
		{DF3D53D6-647F-42A3-9764-BE9B4ACA3235}.Debug|Any CPU.Build.0 = Debug|Any CPU
		{DF3D53D6-647F-42A3-9764-BE9B4ACA3235}.Debug|x64.ActiveCfg = Debug|Any CPU
		{DF3D53D6-647F-42A3-9764-BE9B4ACA3235}.Debug|x64.Build.0 = Debug|Any CPU
		{DF3D53D6-647F-42A3-9764-BE9B4ACA3235}.Debug|x86.ActiveCfg = Debug|Any CPU
		{DF3D53D6-647F-42A3-9764-BE9B4ACA3235}.Debug|x86.Build.0 = Debug|Any CPU
		{DF3D53D6-647F-42A3-9764-BE9B4ACA3235}.Release|Any CPU.ActiveCfg = Release|Any CPU
		{DF3D53D6-647F-42A3-9764-BE9B4ACA3235}.Release|Any CPU.Build.0 = Release|Any CPU
		{DF3D53D6-647F-42A3-9764-BE9B4ACA3235}.Release|x64.ActiveCfg = Release|Any CPU
		{DF3D53D6-647F-42A3-9764-BE9B4ACA3235}.Release|x64.Build.0 = Release|Any CPU
		{DF3D53D6-647F-42A3-9764-BE9B4ACA3235}.Release|x86.ActiveCfg = Release|Any CPU
		{DF3D53D6-647F-42A3-9764-BE9B4ACA3235}.Release|x86.Build.0 = Release|Any CPU
		{A2BAD9CA-2E04-48F4-B5BF-C603273B45FB}.Debug|Any CPU.ActiveCfg = Debug|Any CPU
		{A2BAD9CA-2E04-48F4-B5BF-C603273B45FB}.Debug|Any CPU.Build.0 = Debug|Any CPU
		{A2BAD9CA-2E04-48F4-B5BF-C603273B45FB}.Debug|x64.ActiveCfg = Debug|Any CPU
		{A2BAD9CA-2E04-48F4-B5BF-C603273B45FB}.Debug|x64.Build.0 = Debug|Any CPU
		{A2BAD9CA-2E04-48F4-B5BF-C603273B45FB}.Debug|x86.ActiveCfg = Debug|Any CPU
		{A2BAD9CA-2E04-48F4-B5BF-C603273B45FB}.Debug|x86.Build.0 = Debug|Any CPU
		{A2BAD9CA-2E04-48F4-B5BF-C603273B45FB}.Release|Any CPU.ActiveCfg = Release|Any CPU
		{A2BAD9CA-2E04-48F4-B5BF-C603273B45FB}.Release|Any CPU.Build.0 = Release|Any CPU
		{A2BAD9CA-2E04-48F4-B5BF-C603273B45FB}.Release|x64.ActiveCfg = Release|Any CPU
		{A2BAD9CA-2E04-48F4-B5BF-C603273B45FB}.Release|x64.Build.0 = Release|Any CPU
		{A2BAD9CA-2E04-48F4-B5BF-C603273B45FB}.Release|x86.ActiveCfg = Release|Any CPU
		{A2BAD9CA-2E04-48F4-B5BF-C603273B45FB}.Release|x86.Build.0 = Release|Any CPU
		{D4B3B6F2-3E5D-4ED6-8F2B-53BF33416AF1}.Debug|Any CPU.ActiveCfg = Debug|Any CPU
		{D4B3B6F2-3E5D-4ED6-8F2B-53BF33416AF1}.Debug|Any CPU.Build.0 = Debug|Any CPU
		{D4B3B6F2-3E5D-4ED6-8F2B-53BF33416AF1}.Debug|x64.ActiveCfg = Debug|Any CPU
		{D4B3B6F2-3E5D-4ED6-8F2B-53BF33416AF1}.Debug|x64.Build.0 = Debug|Any CPU
		{D4B3B6F2-3E5D-4ED6-8F2B-53BF33416AF1}.Debug|x86.ActiveCfg = Debug|Any CPU
		{D4B3B6F2-3E5D-4ED6-8F2B-53BF33416AF1}.Debug|x86.Build.0 = Debug|Any CPU
		{D4B3B6F2-3E5D-4ED6-8F2B-53BF33416AF1}.Release|Any CPU.ActiveCfg = Release|Any CPU
		{D4B3B6F2-3E5D-4ED6-8F2B-53BF33416AF1}.Release|Any CPU.Build.0 = Release|Any CPU
		{D4B3B6F2-3E5D-4ED6-8F2B-53BF33416AF1}.Release|x64.ActiveCfg = Release|Any CPU
		{D4B3B6F2-3E5D-4ED6-8F2B-53BF33416AF1}.Release|x64.Build.0 = Release|Any CPU
		{D4B3B6F2-3E5D-4ED6-8F2B-53BF33416AF1}.Release|x86.ActiveCfg = Release|Any CPU
		{D4B3B6F2-3E5D-4ED6-8F2B-53BF33416AF1}.Release|x86.Build.0 = Release|Any CPU
		{B1D0F7A5-7AB2-4DBA-9F0C-2140F13C8F67}.Debug|Any CPU.ActiveCfg = Debug|Any CPU
		{B1D0F7A5-7AB2-4DBA-9F0C-2140F13C8F67}.Debug|Any CPU.Build.0 = Debug|Any CPU
		{B1D0F7A5-7AB2-4DBA-9F0C-2140F13C8F67}.Debug|x64.ActiveCfg = Debug|Any CPU
		{B1D0F7A5-7AB2-4DBA-9F0C-2140F13C8F67}.Debug|x64.Build.0 = Debug|Any CPU
		{B1D0F7A5-7AB2-4DBA-9F0C-2140F13C8F67}.Debug|x86.ActiveCfg = Debug|Any CPU
		{B1D0F7A5-7AB2-4DBA-9F0C-2140F13C8F67}.Debug|x86.Build.0 = Debug|Any CPU
		{B1D0F7A5-7AB2-4DBA-9F0C-2140F13C8F67}.Release|Any CPU.ActiveCfg = Release|Any CPU
		{B1D0F7A5-7AB2-4DBA-9F0C-2140F13C8F67}.Release|Any CPU.Build.0 = Release|Any CPU
		{B1D0F7A5-7AB2-4DBA-9F0C-2140F13C8F67}.Release|x64.ActiveCfg = Release|Any CPU
		{B1D0F7A5-7AB2-4DBA-9F0C-2140F13C8F67}.Release|x64.Build.0 = Release|Any CPU
		{B1D0F7A5-7AB2-4DBA-9F0C-2140F13C8F67}.Release|x86.ActiveCfg = Release|Any CPU
		{B1D0F7A5-7AB2-4DBA-9F0C-2140F13C8F67}.Release|x86.Build.0 = Release|Any CPU
		{03CAAA13-B41F-4F89-BDB8-E10C5DD9E281}.Debug|Any CPU.ActiveCfg = Debug|Any CPU
		{03CAAA13-B41F-4F89-BDB8-E10C5DD9E281}.Debug|Any CPU.Build.0 = Debug|Any CPU
		{03CAAA13-B41F-4F89-BDB8-E10C5DD9E281}.Debug|x64.ActiveCfg = Debug|Any CPU
		{03CAAA13-B41F-4F89-BDB8-E10C5DD9E281}.Debug|x64.Build.0 = Debug|Any CPU
		{03CAAA13-B41F-4F89-BDB8-E10C5DD9E281}.Debug|x86.ActiveCfg = Debug|Any CPU
		{03CAAA13-B41F-4F89-BDB8-E10C5DD9E281}.Debug|x86.Build.0 = Debug|Any CPU
		{03CAAA13-B41F-4F89-BDB8-E10C5DD9E281}.Release|Any CPU.ActiveCfg = Release|Any CPU
		{03CAAA13-B41F-4F89-BDB8-E10C5DD9E281}.Release|Any CPU.Build.0 = Release|Any CPU
		{03CAAA13-B41F-4F89-BDB8-E10C5DD9E281}.Release|x64.ActiveCfg = Release|Any CPU
		{03CAAA13-B41F-4F89-BDB8-E10C5DD9E281}.Release|x64.Build.0 = Release|Any CPU
		{03CAAA13-B41F-4F89-BDB8-E10C5DD9E281}.Release|x86.ActiveCfg = Release|Any CPU
		{03CAAA13-B41F-4F89-BDB8-E10C5DD9E281}.Release|x86.Build.0 = Release|Any CPU
		{3018EAEA-8B57-4115-899F-884E48715D53}.Debug|Any CPU.ActiveCfg = Debug|Any CPU
		{3018EAEA-8B57-4115-899F-884E48715D53}.Debug|Any CPU.Build.0 = Debug|Any CPU
		{3018EAEA-8B57-4115-899F-884E48715D53}.Debug|x64.ActiveCfg = Debug|Any CPU
		{3018EAEA-8B57-4115-899F-884E48715D53}.Debug|x64.Build.0 = Debug|Any CPU
		{3018EAEA-8B57-4115-899F-884E48715D53}.Debug|x86.ActiveCfg = Debug|Any CPU
		{3018EAEA-8B57-4115-899F-884E48715D53}.Debug|x86.Build.0 = Debug|Any CPU
		{3018EAEA-8B57-4115-899F-884E48715D53}.Release|Any CPU.ActiveCfg = Release|Any CPU
		{3018EAEA-8B57-4115-899F-884E48715D53}.Release|Any CPU.Build.0 = Release|Any CPU
		{3018EAEA-8B57-4115-899F-884E48715D53}.Release|x64.ActiveCfg = Release|Any CPU
		{3018EAEA-8B57-4115-899F-884E48715D53}.Release|x64.Build.0 = Release|Any CPU
		{3018EAEA-8B57-4115-899F-884E48715D53}.Release|x86.ActiveCfg = Release|Any CPU
		{3018EAEA-8B57-4115-899F-884E48715D53}.Release|x86.Build.0 = Release|Any CPU
		{F20EC197-DF54-4D50-A089-727E3E1E502A}.Debug|Any CPU.ActiveCfg = Debug|Any CPU
		{F20EC197-DF54-4D50-A089-727E3E1E502A}.Debug|Any CPU.Build.0 = Debug|Any CPU
		{F20EC197-DF54-4D50-A089-727E3E1E502A}.Debug|x64.ActiveCfg = Debug|Any CPU
		{F20EC197-DF54-4D50-A089-727E3E1E502A}.Debug|x64.Build.0 = Debug|Any CPU
		{F20EC197-DF54-4D50-A089-727E3E1E502A}.Debug|x86.ActiveCfg = Debug|Any CPU
		{F20EC197-DF54-4D50-A089-727E3E1E502A}.Debug|x86.Build.0 = Debug|Any CPU
		{F20EC197-DF54-4D50-A089-727E3E1E502A}.Release|Any CPU.ActiveCfg = Release|Any CPU
		{F20EC197-DF54-4D50-A089-727E3E1E502A}.Release|Any CPU.Build.0 = Release|Any CPU
		{F20EC197-DF54-4D50-A089-727E3E1E502A}.Release|x64.ActiveCfg = Release|Any CPU
		{F20EC197-DF54-4D50-A089-727E3E1E502A}.Release|x64.Build.0 = Release|Any CPU
		{F20EC197-DF54-4D50-A089-727E3E1E502A}.Release|x86.ActiveCfg = Release|Any CPU
		{F20EC197-DF54-4D50-A089-727E3E1E502A}.Release|x86.Build.0 = Release|Any CPU
		{265B957D-0D27-4EB5-8DD3-2F5FEE0FDCB7}.Debug|Any CPU.ActiveCfg = Debug|Any CPU
		{265B957D-0D27-4EB5-8DD3-2F5FEE0FDCB7}.Debug|Any CPU.Build.0 = Debug|Any CPU
		{265B957D-0D27-4EB5-8DD3-2F5FEE0FDCB7}.Debug|x64.ActiveCfg = Debug|Any CPU
		{265B957D-0D27-4EB5-8DD3-2F5FEE0FDCB7}.Debug|x64.Build.0 = Debug|Any CPU
		{265B957D-0D27-4EB5-8DD3-2F5FEE0FDCB7}.Debug|x86.ActiveCfg = Debug|Any CPU
		{265B957D-0D27-4EB5-8DD3-2F5FEE0FDCB7}.Debug|x86.Build.0 = Debug|Any CPU
		{265B957D-0D27-4EB5-8DD3-2F5FEE0FDCB7}.Release|Any CPU.ActiveCfg = Release|Any CPU
		{265B957D-0D27-4EB5-8DD3-2F5FEE0FDCB7}.Release|Any CPU.Build.0 = Release|Any CPU
		{265B957D-0D27-4EB5-8DD3-2F5FEE0FDCB7}.Release|x64.ActiveCfg = Release|Any CPU
		{265B957D-0D27-4EB5-8DD3-2F5FEE0FDCB7}.Release|x64.Build.0 = Release|Any CPU
		{265B957D-0D27-4EB5-8DD3-2F5FEE0FDCB7}.Release|x86.ActiveCfg = Release|Any CPU
		{265B957D-0D27-4EB5-8DD3-2F5FEE0FDCB7}.Release|x86.Build.0 = Release|Any CPU
		{C838D1B4-21E1-4A36-AF0F-A56C8BD9AB28}.Debug|Any CPU.ActiveCfg = Debug|Any CPU
		{C838D1B4-21E1-4A36-AF0F-A56C8BD9AB28}.Debug|Any CPU.Build.0 = Debug|Any CPU
		{C838D1B4-21E1-4A36-AF0F-A56C8BD9AB28}.Debug|x64.ActiveCfg = Debug|Any CPU
		{C838D1B4-21E1-4A36-AF0F-A56C8BD9AB28}.Debug|x64.Build.0 = Debug|Any CPU
		{C838D1B4-21E1-4A36-AF0F-A56C8BD9AB28}.Debug|x86.ActiveCfg = Debug|Any CPU
		{C838D1B4-21E1-4A36-AF0F-A56C8BD9AB28}.Debug|x86.Build.0 = Debug|Any CPU
		{C838D1B4-21E1-4A36-AF0F-A56C8BD9AB28}.Release|Any CPU.ActiveCfg = Release|Any CPU
		{C838D1B4-21E1-4A36-AF0F-A56C8BD9AB28}.Release|Any CPU.Build.0 = Release|Any CPU
		{C838D1B4-21E1-4A36-AF0F-A56C8BD9AB28}.Release|x64.ActiveCfg = Release|Any CPU
		{C838D1B4-21E1-4A36-AF0F-A56C8BD9AB28}.Release|x64.Build.0 = Release|Any CPU
		{C838D1B4-21E1-4A36-AF0F-A56C8BD9AB28}.Release|x86.ActiveCfg = Release|Any CPU
		{C838D1B4-21E1-4A36-AF0F-A56C8BD9AB28}.Release|x86.Build.0 = Release|Any CPU
		{CAB72996-1D5C-4F22-A5A6-F70D734E73AC}.Debug|Any CPU.ActiveCfg = Debug|Any CPU
		{CAB72996-1D5C-4F22-A5A6-F70D734E73AC}.Debug|Any CPU.Build.0 = Debug|Any CPU
		{CAB72996-1D5C-4F22-A5A6-F70D734E73AC}.Debug|x64.ActiveCfg = Debug|Any CPU
		{CAB72996-1D5C-4F22-A5A6-F70D734E73AC}.Debug|x64.Build.0 = Debug|Any CPU
		{CAB72996-1D5C-4F22-A5A6-F70D734E73AC}.Debug|x86.ActiveCfg = Debug|Any CPU
		{CAB72996-1D5C-4F22-A5A6-F70D734E73AC}.Debug|x86.Build.0 = Debug|Any CPU
		{CAB72996-1D5C-4F22-A5A6-F70D734E73AC}.Release|Any CPU.ActiveCfg = Release|Any CPU
		{CAB72996-1D5C-4F22-A5A6-F70D734E73AC}.Release|Any CPU.Build.0 = Release|Any CPU
		{CAB72996-1D5C-4F22-A5A6-F70D734E73AC}.Release|x64.ActiveCfg = Release|Any CPU
		{CAB72996-1D5C-4F22-A5A6-F70D734E73AC}.Release|x64.Build.0 = Release|Any CPU
		{CAB72996-1D5C-4F22-A5A6-F70D734E73AC}.Release|x86.ActiveCfg = Release|Any CPU
		{CAB72996-1D5C-4F22-A5A6-F70D734E73AC}.Release|x86.Build.0 = Release|Any CPU
		{F4A15B00-BC8E-4176-85E0-05DA4D8DE2E1}.Debug|Any CPU.ActiveCfg = Debug|Any CPU
		{F4A15B00-BC8E-4176-85E0-05DA4D8DE2E1}.Debug|Any CPU.Build.0 = Debug|Any CPU
		{F4A15B00-BC8E-4176-85E0-05DA4D8DE2E1}.Debug|x64.ActiveCfg = Debug|Any CPU
		{F4A15B00-BC8E-4176-85E0-05DA4D8DE2E1}.Debug|x64.Build.0 = Debug|Any CPU
		{F4A15B00-BC8E-4176-85E0-05DA4D8DE2E1}.Debug|x86.ActiveCfg = Debug|Any CPU
		{F4A15B00-BC8E-4176-85E0-05DA4D8DE2E1}.Debug|x86.Build.0 = Debug|Any CPU
		{F4A15B00-BC8E-4176-85E0-05DA4D8DE2E1}.Release|Any CPU.ActiveCfg = Release|Any CPU
		{F4A15B00-BC8E-4176-85E0-05DA4D8DE2E1}.Release|Any CPU.Build.0 = Release|Any CPU
		{F4A15B00-BC8E-4176-85E0-05DA4D8DE2E1}.Release|x64.ActiveCfg = Release|Any CPU
		{F4A15B00-BC8E-4176-85E0-05DA4D8DE2E1}.Release|x64.Build.0 = Release|Any CPU
		{F4A15B00-BC8E-4176-85E0-05DA4D8DE2E1}.Release|x86.ActiveCfg = Release|Any CPU
		{F4A15B00-BC8E-4176-85E0-05DA4D8DE2E1}.Release|x86.Build.0 = Release|Any CPU
		{6E9B3720-8BE3-41E5-BA38-93C66834AE4A}.Debug|Any CPU.ActiveCfg = Debug|Any CPU
		{6E9B3720-8BE3-41E5-BA38-93C66834AE4A}.Debug|Any CPU.Build.0 = Debug|Any CPU
		{6E9B3720-8BE3-41E5-BA38-93C66834AE4A}.Debug|x64.ActiveCfg = Debug|Any CPU
		{6E9B3720-8BE3-41E5-BA38-93C66834AE4A}.Debug|x64.Build.0 = Debug|Any CPU
		{6E9B3720-8BE3-41E5-BA38-93C66834AE4A}.Debug|x86.ActiveCfg = Debug|Any CPU
		{6E9B3720-8BE3-41E5-BA38-93C66834AE4A}.Debug|x86.Build.0 = Debug|Any CPU
		{6E9B3720-8BE3-41E5-BA38-93C66834AE4A}.Release|Any CPU.ActiveCfg = Release|Any CPU
		{6E9B3720-8BE3-41E5-BA38-93C66834AE4A}.Release|Any CPU.Build.0 = Release|Any CPU
		{6E9B3720-8BE3-41E5-BA38-93C66834AE4A}.Release|x64.ActiveCfg = Release|Any CPU
		{6E9B3720-8BE3-41E5-BA38-93C66834AE4A}.Release|x64.Build.0 = Release|Any CPU
		{6E9B3720-8BE3-41E5-BA38-93C66834AE4A}.Release|x86.ActiveCfg = Release|Any CPU
		{6E9B3720-8BE3-41E5-BA38-93C66834AE4A}.Release|x86.Build.0 = Release|Any CPU
		{9D98DEA2-9980-4556-9B68-3DA888375DB7}.Debug|Any CPU.ActiveCfg = Debug|Any CPU
		{9D98DEA2-9980-4556-9B68-3DA888375DB7}.Debug|Any CPU.Build.0 = Debug|Any CPU
		{9D98DEA2-9980-4556-9B68-3DA888375DB7}.Debug|x64.ActiveCfg = Debug|Any CPU
		{9D98DEA2-9980-4556-9B68-3DA888375DB7}.Debug|x64.Build.0 = Debug|Any CPU
		{9D98DEA2-9980-4556-9B68-3DA888375DB7}.Debug|x86.ActiveCfg = Debug|Any CPU
		{9D98DEA2-9980-4556-9B68-3DA888375DB7}.Debug|x86.Build.0 = Debug|Any CPU
		{9D98DEA2-9980-4556-9B68-3DA888375DB7}.Release|Any CPU.ActiveCfg = Release|Any CPU
		{9D98DEA2-9980-4556-9B68-3DA888375DB7}.Release|Any CPU.Build.0 = Release|Any CPU
		{9D98DEA2-9980-4556-9B68-3DA888375DB7}.Release|x64.ActiveCfg = Release|Any CPU
		{9D98DEA2-9980-4556-9B68-3DA888375DB7}.Release|x64.Build.0 = Release|Any CPU
		{9D98DEA2-9980-4556-9B68-3DA888375DB7}.Release|x86.ActiveCfg = Release|Any CPU
		{9D98DEA2-9980-4556-9B68-3DA888375DB7}.Release|x86.Build.0 = Release|Any CPU
		{7EAB0358-70DE-4326-AE2A-D598302D1B99}.Debug|Any CPU.ActiveCfg = Debug|Any CPU
		{7EAB0358-70DE-4326-AE2A-D598302D1B99}.Debug|Any CPU.Build.0 = Debug|Any CPU
		{7EAB0358-70DE-4326-AE2A-D598302D1B99}.Debug|x64.ActiveCfg = Debug|Any CPU
		{7EAB0358-70DE-4326-AE2A-D598302D1B99}.Debug|x64.Build.0 = Debug|Any CPU
		{7EAB0358-70DE-4326-AE2A-D598302D1B99}.Debug|x86.ActiveCfg = Debug|Any CPU
		{7EAB0358-70DE-4326-AE2A-D598302D1B99}.Debug|x86.Build.0 = Debug|Any CPU
		{7EAB0358-70DE-4326-AE2A-D598302D1B99}.Release|Any CPU.ActiveCfg = Release|Any CPU
		{7EAB0358-70DE-4326-AE2A-D598302D1B99}.Release|Any CPU.Build.0 = Release|Any CPU
		{7EAB0358-70DE-4326-AE2A-D598302D1B99}.Release|x64.ActiveCfg = Release|Any CPU
		{7EAB0358-70DE-4326-AE2A-D598302D1B99}.Release|x64.Build.0 = Release|Any CPU
		{7EAB0358-70DE-4326-AE2A-D598302D1B99}.Release|x86.ActiveCfg = Release|Any CPU
		{7EAB0358-70DE-4326-AE2A-D598302D1B99}.Release|x86.Build.0 = Release|Any CPU
		{09656FE5-68F6-4513-BC29-96B4EAFFA6CA}.Debug|Any CPU.ActiveCfg = Debug|Any CPU
		{09656FE5-68F6-4513-BC29-96B4EAFFA6CA}.Debug|Any CPU.Build.0 = Debug|Any CPU
		{09656FE5-68F6-4513-BC29-96B4EAFFA6CA}.Debug|x64.ActiveCfg = Debug|Any CPU
		{09656FE5-68F6-4513-BC29-96B4EAFFA6CA}.Debug|x64.Build.0 = Debug|Any CPU
		{09656FE5-68F6-4513-BC29-96B4EAFFA6CA}.Debug|x86.ActiveCfg = Debug|Any CPU
		{09656FE5-68F6-4513-BC29-96B4EAFFA6CA}.Debug|x86.Build.0 = Debug|Any CPU
		{09656FE5-68F6-4513-BC29-96B4EAFFA6CA}.Release|Any CPU.ActiveCfg = Release|Any CPU
		{09656FE5-68F6-4513-BC29-96B4EAFFA6CA}.Release|Any CPU.Build.0 = Release|Any CPU
		{09656FE5-68F6-4513-BC29-96B4EAFFA6CA}.Release|x64.ActiveCfg = Release|Any CPU
		{09656FE5-68F6-4513-BC29-96B4EAFFA6CA}.Release|x64.Build.0 = Release|Any CPU
		{09656FE5-68F6-4513-BC29-96B4EAFFA6CA}.Release|x86.ActiveCfg = Release|Any CPU
		{09656FE5-68F6-4513-BC29-96B4EAFFA6CA}.Release|x86.Build.0 = Release|Any CPU
		{A663A3F8-5F1E-9028-13E7-6815522B1D94}.Debug|Any CPU.ActiveCfg = Debug|Any CPU
		{A663A3F8-5F1E-9028-13E7-6815522B1D94}.Debug|Any CPU.Build.0 = Debug|Any CPU
		{A663A3F8-5F1E-9028-13E7-6815522B1D94}.Debug|x64.ActiveCfg = Debug|Any CPU
		{A663A3F8-5F1E-9028-13E7-6815522B1D94}.Debug|x64.Build.0 = Debug|Any CPU
		{A663A3F8-5F1E-9028-13E7-6815522B1D94}.Debug|x86.ActiveCfg = Debug|Any CPU
		{A663A3F8-5F1E-9028-13E7-6815522B1D94}.Debug|x86.Build.0 = Debug|Any CPU
		{A663A3F8-5F1E-9028-13E7-6815522B1D94}.Release|Any CPU.ActiveCfg = Release|Any CPU
		{A663A3F8-5F1E-9028-13E7-6815522B1D94}.Release|Any CPU.Build.0 = Release|Any CPU
		{A663A3F8-5F1E-9028-13E7-6815522B1D94}.Release|x64.ActiveCfg = Release|Any CPU
		{A663A3F8-5F1E-9028-13E7-6815522B1D94}.Release|x64.Build.0 = Release|Any CPU
		{A663A3F8-5F1E-9028-13E7-6815522B1D94}.Release|x86.ActiveCfg = Release|Any CPU
		{A663A3F8-5F1E-9028-13E7-6815522B1D94}.Release|x86.Build.0 = Release|Any CPU
		{3252EF60-8FAB-4CDE-A21D-F2644200940C}.Debug|Any CPU.ActiveCfg = Debug|Any CPU
		{3252EF60-8FAB-4CDE-A21D-F2644200940C}.Debug|Any CPU.Build.0 = Debug|Any CPU
		{3252EF60-8FAB-4CDE-A21D-F2644200940C}.Debug|x64.ActiveCfg = Debug|Any CPU
		{3252EF60-8FAB-4CDE-A21D-F2644200940C}.Debug|x64.Build.0 = Debug|Any CPU
		{3252EF60-8FAB-4CDE-A21D-F2644200940C}.Debug|x86.ActiveCfg = Debug|Any CPU
		{3252EF60-8FAB-4CDE-A21D-F2644200940C}.Debug|x86.Build.0 = Debug|Any CPU
		{3252EF60-8FAB-4CDE-A21D-F2644200940C}.Release|Any CPU.ActiveCfg = Release|Any CPU
		{3252EF60-8FAB-4CDE-A21D-F2644200940C}.Release|Any CPU.Build.0 = Release|Any CPU
		{3252EF60-8FAB-4CDE-A21D-F2644200940C}.Release|x64.ActiveCfg = Release|Any CPU
		{3252EF60-8FAB-4CDE-A21D-F2644200940C}.Release|x64.Build.0 = Release|Any CPU
		{3252EF60-8FAB-4CDE-A21D-F2644200940C}.Release|x86.ActiveCfg = Release|Any CPU
		{3252EF60-8FAB-4CDE-A21D-F2644200940C}.Release|x86.Build.0 = Release|Any CPU
		{84281EE5-B745-4981-A4EE-DBD0CC4E1357}.Debug|Any CPU.ActiveCfg = Debug|Any CPU
		{84281EE5-B745-4981-A4EE-DBD0CC4E1357}.Debug|Any CPU.Build.0 = Debug|Any CPU
		{84281EE5-B745-4981-A4EE-DBD0CC4E1357}.Debug|x64.ActiveCfg = Debug|Any CPU
		{84281EE5-B745-4981-A4EE-DBD0CC4E1357}.Debug|x64.Build.0 = Debug|Any CPU
		{84281EE5-B745-4981-A4EE-DBD0CC4E1357}.Debug|x86.ActiveCfg = Debug|Any CPU
		{84281EE5-B745-4981-A4EE-DBD0CC4E1357}.Debug|x86.Build.0 = Debug|Any CPU
		{84281EE5-B745-4981-A4EE-DBD0CC4E1357}.Release|Any CPU.ActiveCfg = Release|Any CPU
		{84281EE5-B745-4981-A4EE-DBD0CC4E1357}.Release|Any CPU.Build.0 = Release|Any CPU
		{84281EE5-B745-4981-A4EE-DBD0CC4E1357}.Release|x64.ActiveCfg = Release|Any CPU
		{84281EE5-B745-4981-A4EE-DBD0CC4E1357}.Release|x64.Build.0 = Release|Any CPU
		{84281EE5-B745-4981-A4EE-DBD0CC4E1357}.Release|x86.ActiveCfg = Release|Any CPU
		{84281EE5-B745-4981-A4EE-DBD0CC4E1357}.Release|x86.Build.0 = Release|Any CPU
		{E7B2A4D1-6F90-4C3A-B8E5-1D2F3A4B5C6D}.Debug|Any CPU.ActiveCfg = Debug|Any CPU
		{E7B2A4D1-6F90-4C3A-B8E5-1D2F3A4B5C6D}.Debug|Any CPU.Build.0 = Debug|Any CPU
		{E7B2A4D1-6F90-4C3A-B8E5-1D2F3A4B5C6D}.Debug|x64.ActiveCfg = Debug|Any CPU
		{E7B2A4D1-6F90-4C3A-B8E5-1D2F3A4B5C6D}.Debug|x64.Build.0 = Debug|Any CPU
		{E7B2A4D1-6F90-4C3A-B8E5-1D2F3A4B5C6D}.Debug|x86.ActiveCfg = Debug|Any CPU
		{E7B2A4D1-6F90-4C3A-B8E5-1D2F3A4B5C6D}.Debug|x86.Build.0 = Debug|Any CPU
		{E7B2A4D1-6F90-4C3A-B8E5-1D2F3A4B5C6D}.Release|Any CPU.ActiveCfg = Release|Any CPU
		{E7B2A4D1-6F90-4C3A-B8E5-1D2F3A4B5C6D}.Release|Any CPU.Build.0 = Release|Any CPU
		{E7B2A4D1-6F90-4C3A-B8E5-1D2F3A4B5C6D}.Release|x64.ActiveCfg = Release|Any CPU
		{E7B2A4D1-6F90-4C3A-B8E5-1D2F3A4B5C6D}.Release|x64.Build.0 = Release|Any CPU
		{E7B2A4D1-6F90-4C3A-B8E5-1D2F3A4B5C6D}.Release|x86.ActiveCfg = Release|Any CPU
		{E7B2A4D1-6F90-4C3A-B8E5-1D2F3A4B5C6D}.Release|x86.Build.0 = Release|Any CPU
		{CE38A1AC-A66E-5CAD-E423-053D622ED1C1}.Debug|Any CPU.ActiveCfg = Debug|Any CPU
		{CE38A1AC-A66E-5CAD-E423-053D622ED1C1}.Debug|Any CPU.Build.0 = Debug|Any CPU
		{CE38A1AC-A66E-5CAD-E423-053D622ED1C1}.Debug|x64.ActiveCfg = Debug|Any CPU
		{CE38A1AC-A66E-5CAD-E423-053D622ED1C1}.Debug|x64.Build.0 = Debug|Any CPU
		{CE38A1AC-A66E-5CAD-E423-053D622ED1C1}.Debug|x86.ActiveCfg = Debug|Any CPU
		{CE38A1AC-A66E-5CAD-E423-053D622ED1C1}.Debug|x86.Build.0 = Debug|Any CPU
		{CE38A1AC-A66E-5CAD-E423-053D622ED1C1}.Release|Any CPU.ActiveCfg = Release|Any CPU
		{CE38A1AC-A66E-5CAD-E423-053D622ED1C1}.Release|Any CPU.Build.0 = Release|Any CPU
		{CE38A1AC-A66E-5CAD-E423-053D622ED1C1}.Release|x64.ActiveCfg = Release|Any CPU
		{CE38A1AC-A66E-5CAD-E423-053D622ED1C1}.Release|x64.Build.0 = Release|Any CPU
		{CE38A1AC-A66E-5CAD-E423-053D622ED1C1}.Release|x86.ActiveCfg = Release|Any CPU
		{CE38A1AC-A66E-5CAD-E423-053D622ED1C1}.Release|x86.Build.0 = Release|Any CPU
		{FC9F6ABA-DF20-F737-F0BE-270D31F09CB0}.Debug|Any CPU.ActiveCfg = Debug|Any CPU
		{FC9F6ABA-DF20-F737-F0BE-270D31F09CB0}.Debug|Any CPU.Build.0 = Debug|Any CPU
		{FC9F6ABA-DF20-F737-F0BE-270D31F09CB0}.Debug|x64.ActiveCfg = Debug|Any CPU
		{FC9F6ABA-DF20-F737-F0BE-270D31F09CB0}.Debug|x64.Build.0 = Debug|Any CPU
		{FC9F6ABA-DF20-F737-F0BE-270D31F09CB0}.Debug|x86.ActiveCfg = Debug|Any CPU
		{FC9F6ABA-DF20-F737-F0BE-270D31F09CB0}.Debug|x86.Build.0 = Debug|Any CPU
		{FC9F6ABA-DF20-F737-F0BE-270D31F09CB0}.Release|Any CPU.ActiveCfg = Release|Any CPU
		{FC9F6ABA-DF20-F737-F0BE-270D31F09CB0}.Release|Any CPU.Build.0 = Release|Any CPU
		{FC9F6ABA-DF20-F737-F0BE-270D31F09CB0}.Release|x64.ActiveCfg = Release|Any CPU
		{FC9F6ABA-DF20-F737-F0BE-270D31F09CB0}.Release|x64.Build.0 = Release|Any CPU
		{FC9F6ABA-DF20-F737-F0BE-270D31F09CB0}.Release|x86.ActiveCfg = Release|Any CPU
		{FC9F6ABA-DF20-F737-F0BE-270D31F09CB0}.Release|x86.Build.0 = Release|Any CPU
		{D84996BD-6457-637C-3F8B-6CE612E7889B}.Debug|Any CPU.ActiveCfg = Debug|Any CPU
		{D84996BD-6457-637C-3F8B-6CE612E7889B}.Debug|Any CPU.Build.0 = Debug|Any CPU
		{D84996BD-6457-637C-3F8B-6CE612E7889B}.Debug|x64.ActiveCfg = Debug|Any CPU
		{D84996BD-6457-637C-3F8B-6CE612E7889B}.Debug|x64.Build.0 = Debug|Any CPU
		{D84996BD-6457-637C-3F8B-6CE612E7889B}.Debug|x86.ActiveCfg = Debug|Any CPU
		{D84996BD-6457-637C-3F8B-6CE612E7889B}.Debug|x86.Build.0 = Debug|Any CPU
		{D84996BD-6457-637C-3F8B-6CE612E7889B}.Release|Any CPU.ActiveCfg = Release|Any CPU
		{D84996BD-6457-637C-3F8B-6CE612E7889B}.Release|Any CPU.Build.0 = Release|Any CPU
		{D84996BD-6457-637C-3F8B-6CE612E7889B}.Release|x64.ActiveCfg = Release|Any CPU
		{D84996BD-6457-637C-3F8B-6CE612E7889B}.Release|x64.Build.0 = Release|Any CPU
		{D84996BD-6457-637C-3F8B-6CE612E7889B}.Release|x86.ActiveCfg = Release|Any CPU
		{D84996BD-6457-637C-3F8B-6CE612E7889B}.Release|x86.Build.0 = Release|Any CPU
		{25436E0C-2B26-4B24-861B-1431F8A49BCD}.Debug|Any CPU.ActiveCfg = Debug|Any CPU
		{25436E0C-2B26-4B24-861B-1431F8A49BCD}.Debug|Any CPU.Build.0 = Debug|Any CPU
		{25436E0C-2B26-4B24-861B-1431F8A49BCD}.Debug|x64.ActiveCfg = Debug|Any CPU
		{25436E0C-2B26-4B24-861B-1431F8A49BCD}.Debug|x64.Build.0 = Debug|Any CPU
		{25436E0C-2B26-4B24-861B-1431F8A49BCD}.Debug|x86.ActiveCfg = Debug|Any CPU
		{25436E0C-2B26-4B24-861B-1431F8A49BCD}.Debug|x86.Build.0 = Debug|Any CPU
		{25436E0C-2B26-4B24-861B-1431F8A49BCD}.Release|Any CPU.ActiveCfg = Release|Any CPU
		{25436E0C-2B26-4B24-861B-1431F8A49BCD}.Release|Any CPU.Build.0 = Release|Any CPU
		{25436E0C-2B26-4B24-861B-1431F8A49BCD}.Release|x64.ActiveCfg = Release|Any CPU
		{25436E0C-2B26-4B24-861B-1431F8A49BCD}.Release|x64.Build.0 = Release|Any CPU
		{25436E0C-2B26-4B24-861B-1431F8A49BCD}.Release|x86.ActiveCfg = Release|Any CPU
		{25436E0C-2B26-4B24-861B-1431F8A49BCD}.Release|x86.Build.0 = Release|Any CPU
		{3EC78B7B-3960-4209-9BF1-3AB98DFD1B7F}.Debug|Any CPU.ActiveCfg = Debug|Any CPU
		{3EC78B7B-3960-4209-9BF1-3AB98DFD1B7F}.Debug|Any CPU.Build.0 = Debug|Any CPU
		{3EC78B7B-3960-4209-9BF1-3AB98DFD1B7F}.Debug|x64.ActiveCfg = Debug|Any CPU
		{3EC78B7B-3960-4209-9BF1-3AB98DFD1B7F}.Debug|x64.Build.0 = Debug|Any CPU
		{3EC78B7B-3960-4209-9BF1-3AB98DFD1B7F}.Debug|x86.ActiveCfg = Debug|Any CPU
		{3EC78B7B-3960-4209-9BF1-3AB98DFD1B7F}.Debug|x86.Build.0 = Debug|Any CPU
		{3EC78B7B-3960-4209-9BF1-3AB98DFD1B7F}.Release|Any CPU.ActiveCfg = Release|Any CPU
		{3EC78B7B-3960-4209-9BF1-3AB98DFD1B7F}.Release|Any CPU.Build.0 = Release|Any CPU
		{3EC78B7B-3960-4209-9BF1-3AB98DFD1B7F}.Release|x64.ActiveCfg = Release|Any CPU
		{3EC78B7B-3960-4209-9BF1-3AB98DFD1B7F}.Release|x64.Build.0 = Release|Any CPU
		{3EC78B7B-3960-4209-9BF1-3AB98DFD1B7F}.Release|x86.ActiveCfg = Release|Any CPU
		{3EC78B7B-3960-4209-9BF1-3AB98DFD1B7F}.Release|x86.Build.0 = Release|Any CPU
	EndGlobalSection
	GlobalSection(SolutionProperties) = preSolution
		HideSolutionNode = FALSE
	EndGlobalSection
	GlobalSection(NestedProjects) = preSolution
		{A2BAD9CA-2E04-48F4-B5BF-C603273B45FB} = {7F5AB8A4-3D50-4FD2-A0A8-51D3A8F3A0D2}
		{D4B3B6F2-3E5D-4ED6-8F2B-53BF33416AF1} = {327C209F-87E2-47DF-960A-517974785244}
		{B1D0F7A5-7AB2-4DBA-9F0C-2140F13C8F67} = {7F5AB8A4-3D50-4FD2-A0A8-51D3A8F3A0D2}
		{03CAAA13-B41F-4F89-BDB8-E10C5DD9E281} = {327C209F-87E2-47DF-960A-517974785244}
		{3018EAEA-8B57-4115-899F-884E48715D53} = {CB84BB83-E386-4A7E-AC12-F812A83F236F}
		{F20EC197-DF54-4D50-A089-727E3E1E502A} = {CB84BB83-E386-4A7E-AC12-F812A83F236F}
		{265B957D-0D27-4EB5-8DD3-2F5FEE0FDCB7} = {CB84BB83-E386-4A7E-AC12-F812A83F236F}
		{C838D1B4-21E1-4A36-AF0F-A56C8BD9AB28} = {CB84BB83-E386-4A7E-AC12-F812A83F236F}
		{CAB72996-1D5C-4F22-A5A6-F70D734E73AC} = {CB84BB83-E386-4A7E-AC12-F812A83F236F}
		{F4A15B00-BC8E-4176-85E0-05DA4D8DE2E1} = {CB84BB83-E386-4A7E-AC12-F812A83F236F}
		{6E9B3720-8BE3-41E5-BA38-93C66834AE4A} = {CB84BB83-E386-4A7E-AC12-F812A83F236F}
		{9D98DEA2-9980-4556-9B68-3DA888375DB7} = {C594652A-1000-41CD-8D4E-C210EC0A2142}
		{7F5AB8A4-3D50-4FD2-A0A8-51D3A8F3A0D2} = {CB84BB83-E386-4A7E-AC12-F812A83F236F}
		{7EAB0358-70DE-4326-AE2A-D598302D1B99} = {CB84BB83-E386-4A7E-AC12-F812A83F236F}
		{09656FE5-68F6-4513-BC29-96B4EAFFA6CA} = {92E96D64-77EA-4EB0-A528-E567987F2ABD}
		{A663A3F8-5F1E-9028-13E7-6815522B1D94} = {92E96D64-77EA-4EB0-A528-E567987F2ABD}
		{3252EF60-8FAB-4CDE-A21D-F2644200940C} = {92E96D64-77EA-4EB0-A528-E567987F2ABD}
		{84281EE5-B745-4981-A4EE-DBD0CC4E1357} = {92E96D64-77EA-4EB0-A528-E567987F2ABD}
		{E7B2A4D1-6F90-4C3A-B8E5-1D2F3A4B5C6D} = {92E96D64-77EA-4EB0-A528-E567987F2ABD}
		{CE38A1AC-A66E-5CAD-E423-053D622ED1C1} = {CB84BB83-E386-4A7E-AC12-F812A83F236F}
		{92E96D64-77EA-4EB0-A528-E567987F2ABD} = {CB84BB83-E386-4A7E-AC12-F812A83F236F}
		{327C209F-87E2-47DF-960A-517974785244} = {CB84BB83-E386-4A7E-AC12-F812A83F236F}
		{FC9F6ABA-DF20-F737-F0BE-270D31F09CB0} = {327C209F-87E2-47DF-960A-517974785244}
		{D84996BD-6457-637C-3F8B-6CE612E7889B} = {327C209F-87E2-47DF-960A-517974785244}
		{9CD612A5-CE01-E009-D3EA-03AA2C9E3C9D} = {CB84BB83-E386-4A7E-AC12-F812A83F236F}
		{25436E0C-2B26-4B24-861B-1431F8A49BCD} = {9CD612A5-CE01-E009-D3EA-03AA2C9E3C9D}
		{3EC78B7B-3960-4209-9BF1-3AB98DFD1B7F} = {9CD612A5-CE01-E009-D3EA-03AA2C9E3C9D}
	EndGlobalSection
	GlobalSection(ExtensibilityGlobals) = postSolution
		SolutionGuid = {F05D572A-75BC-4642-98F8-F65F5CCF6A0B}
	EndGlobalSection
EndGlobal
